Microsoft Visual Studio Solution File, Format Version 11.00
# Visual Studio 2008

Project("{7636E7A4-584A-1D98-7D42-7B3CF8308F5C}") = "EscapeRoom", "Assembly-CSharp-firstpass.csproj", "{0E5F6898-A873-BB9A-3D86-8324FBEB1155}"
EndProject
Project("{7636E7A4-584A-1D98-7D42-7B3CF8308F5C}") = "EscapeRoom", "Assembly-CSharp.csproj", "{4190FBC9-CD5D-FA5A-360D-403CAE57297A}"
EndProject
Project("{7636E7A4-584A-1D98-7D42-7B3CF8308F5C}") = "EscapeRoom", "Assembly-CSharp-Editor.csproj", "{A3B0E7AC-CE80-8C5A-2953-AF73D8A0B25E}"
EndProject
Global
	GlobalSection(SolutionConfigurationPlatforms) = preSolution
		Debug|Any CPU = Debug|Any CPU
		Release|Any CPU = Release|Any CPU
	EndGlobalSection
	GlobalSection(ProjectConfigurationPlatforms) = postSolution
		{0E5F6898-A873-BB9A-3D86-8324FBEB1155}.Debug|Any CPU.ActiveCfg = Debug|Any CPU
		{0E5F6898-A873-BB9A-3D86-8324FBEB1155}.Debug|Any CPU.Build.0 = Debug|Any CPU
		{0E5F6898-A873-BB9A-3D86-8324FBEB1155}.Release|Any CPU.ActiveCfg = Release|Any CPU
		{0E5F6898-A873-BB9A-3D86-8324FBEB1155}.Release|Any CPU.Build.0 = Release|Any CPU
		{4190FBC9-CD5D-FA5A-360D-403CAE57297A}.Debug|Any CPU.ActiveCfg = Debug|Any CPU
		{4190FBC9-CD5D-FA5A-360D-403CAE57297A}.Debug|Any CPU.Build.0 = Debug|Any CPU
		{4190FBC9-CD5D-FA5A-360D-403CAE57297A}.Release|Any CPU.ActiveCfg = Release|Any CPU
		{4190FBC9-CD5D-FA5A-360D-403CAE57297A}.Release|Any CPU.Build.0 = Release|Any CPU
		{A3B0E7AC-CE80-8C5A-2953-AF73D8A0B25E}.Debug|Any CPU.ActiveCfg = Debug|Any CPU
		{A3B0E7AC-CE80-8C5A-2953-AF73D8A0B25E}.Debug|Any CPU.Build.0 = Debug|Any CPU
		{A3B0E7AC-CE80-8C5A-2953-AF73D8A0B25E}.Release|Any CPU.ActiveCfg = Release|Any CPU
		{A3B0E7AC-CE80-8C5A-2953-AF73D8A0B25E}.Release|Any CPU.Build.0 = Release|Any CPU
	EndGlobalSection
	GlobalSection(SolutionProperties) = preSolution
		HideSolutionNode = FALSE
	EndGlobalSection
	GlobalSection(MonoDevelopProperties) = preSolution
		StartupItem = Assembly-CSharp.csproj
	EndGlobalSection
EndGlobal
